
Microsoft Visual Studio Solution File, Format Version 12.00
# Visual Studio 2012
Project("{2150E333-8FDC-42A3-9474-1A3956D46DE8}") = "Externals", "Externals", "{702C4AE9-B407-48F9-9615-D94D855B70A1}"
EndProject
Project("{FAE04EC0-301F-11D3-BF4B-00C04F79EFBC}") = "ShortBus.Hostable.Shared", "..\Core\Interfaces\ShortBus.Hostable.Shared\ShortBus.Hostable.Shared.csproj", "{4F2EA5A9-A63B-4265-A76F-4A69C6A19D1E}"
EndProject
Project("{FAE04EC0-301F-11D3-BF4B-00C04F79EFBC}") = "ShortBus.ServiceBusHost", "..\Core\ServiceBus\ServiceBusHost\ShortBus.ServiceBusHost.csproj", "{C3BD40FB-F7AB-421D-8D78-62128E0A40D6}"
EndProject
Project("{FAE04EC0-301F-11D3-BF4B-00C04F79EFBC}") = "ShortBus.MassTransitHost", "ShortBus.MassTransitHost\ShortBus.MassTransitHost.csproj", "{42CCBA38-FC3A-4354-B1CB-CAB271495C23}"
EndProject
Project("{FAE04EC0-301F-11D3-BF4B-00C04F79EFBC}") = "ShortBus.MassTransit.CacheSelectorFactory", "ShortBus.MassTransit.CacheSelectorFactory\ShortBus.MassTransit.CacheSelectorFactory.csproj", "{2DEFBEC2-D68A-43E1-9182-C3DF3D3610E9}"
EndProject
Project("{FAE04EC0-301F-11D3-BF4B-00C04F79EFBC}") = "MassTransit.Transports.ZeroMQ", "MassTransit.Transports.ZeroMQ\MassTransit.Transports.ZeroMQ.csproj", "{93575983-0B24-42FB-BD53-1BFCB1BD40A7}"
EndProject
Project("{FAE04EC0-301F-11D3-BF4B-00C04F79EFBC}") = "ShortBus.ZeroMqHost", "ShortBus.ZeroMqHost\ShortBus.ZeroMqHost.csproj", "{C5ABD11C-F797-49B7-950E-CFEBFCA77E1E}"
EndProject
Project("{2150E333-8FDC-42A3-9474-1A3956D46DE8}") = ".nuget", ".nuget", "{3A7461E5-2DD6-47D9-A7D7-747DAC48AF42}"
	ProjectSection(SolutionItems) = preProject
		.nuget\NuGet.Config = .nuget\NuGet.Config
		.nuget\NuGet.exe = .nuget\NuGet.exe
		.nuget\NuGet.targets = .nuget\NuGet.targets
	EndProjectSection
EndProject
Global
	GlobalSection(SolutionConfigurationPlatforms) = preSolution
		Debug|Any CPU = Debug|Any CPU
		Release|Any CPU = Release|Any CPU
	EndGlobalSection
	GlobalSection(ProjectConfigurationPlatforms) = postSolution
		{4F2EA5A9-A63B-4265-A76F-4A69C6A19D1E}.Debug|Any CPU.ActiveCfg = Debug|Any CPU
		{4F2EA5A9-A63B-4265-A76F-4A69C6A19D1E}.Debug|Any CPU.Build.0 = Debug|Any CPU
		{4F2EA5A9-A63B-4265-A76F-4A69C6A19D1E}.Release|Any CPU.ActiveCfg = Release|Any CPU
		{4F2EA5A9-A63B-4265-A76F-4A69C6A19D1E}.Release|Any CPU.Build.0 = Release|Any CPU
		{C3BD40FB-F7AB-421D-8D78-62128E0A40D6}.Debug|Any CPU.ActiveCfg = Debug|Any CPU
		{C3BD40FB-F7AB-421D-8D78-62128E0A40D6}.Debug|Any CPU.Build.0 = Debug|Any CPU
		{C3BD40FB-F7AB-421D-8D78-62128E0A40D6}.Release|Any CPU.ActiveCfg = Release|Any CPU
		{C3BD40FB-F7AB-421D-8D78-62128E0A40D6}.Release|Any CPU.Build.0 = Release|Any CPU
		{42CCBA38-FC3A-4354-B1CB-CAB271495C23}.Debug|Any CPU.ActiveCfg = Debug|Any CPU
		{42CCBA38-FC3A-4354-B1CB-CAB271495C23}.Debug|Any CPU.Build.0 = Debug|Any CPU
		{42CCBA38-FC3A-4354-B1CB-CAB271495C23}.Release|Any CPU.ActiveCfg = Release|Any CPU
		{42CCBA38-FC3A-4354-B1CB-CAB271495C23}.Release|Any CPU.Build.0 = Release|Any CPU
		{2DEFBEC2-D68A-43E1-9182-C3DF3D3610E9}.Debug|Any CPU.ActiveCfg = Debug|Any CPU
		{2DEFBEC2-D68A-43E1-9182-C3DF3D3610E9}.Debug|Any CPU.Build.0 = Debug|Any CPU
		{2DEFBEC2-D68A-43E1-9182-C3DF3D3610E9}.Release|Any CPU.ActiveCfg = Release|Any CPU
		{2DEFBEC2-D68A-43E1-9182-C3DF3D3610E9}.Release|Any CPU.Build.0 = Release|Any CPU
		{93575983-0B24-42FB-BD53-1BFCB1BD40A7}.Debug|Any CPU.ActiveCfg = Debug|Any CPU
		{93575983-0B24-42FB-BD53-1BFCB1BD40A7}.Debug|Any CPU.Build.0 = Debug|Any CPU
		{93575983-0B24-42FB-BD53-1BFCB1BD40A7}.Release|Any CPU.ActiveCfg = Release|Any CPU
		{93575983-0B24-42FB-BD53-1BFCB1BD40A7}.Release|Any CPU.Build.0 = Release|Any CPU
		{C5ABD11C-F797-49B7-950E-CFEBFCA77E1E}.Debug|Any CPU.ActiveCfg = Debug|Any CPU
		{C5ABD11C-F797-49B7-950E-CFEBFCA77E1E}.Debug|Any CPU.Build.0 = Debug|Any CPU
		{C5ABD11C-F797-49B7-950E-CFEBFCA77E1E}.Release|Any CPU.ActiveCfg = Release|Any CPU
		{C5ABD11C-F797-49B7-950E-CFEBFCA77E1E}.Release|Any CPU.Build.0 = Release|Any CPU
	EndGlobalSection
	GlobalSection(SolutionProperties) = preSolution
		HideSolutionNode = FALSE
	EndGlobalSection
	GlobalSection(NestedProjects) = preSolution
		{4F2EA5A9-A63B-4265-A76F-4A69C6A19D1E} = {702C4AE9-B407-48F9-9615-D94D855B70A1}
		{C3BD40FB-F7AB-421D-8D78-62128E0A40D6} = {702C4AE9-B407-48F9-9615-D94D855B70A1}
	EndGlobalSection
EndGlobal
